// !$*UTF8*$!
{
	archiveVersion = 1;
	classes = {
	};
	objectVersion = 52;
	objects = {

/* Begin PBXBuildFile section */
		535B24B528579D79003141C8 /* Leanplum.xcframework in Frameworks */ = {isa = PBXBuildFile; fileRef = 535B24AF28579D39003141C8 /* Leanplum.xcframework */; };
		535B24B628579D79003141C8 /* Leanplum.xcframework in Embed Frameworks */ = {isa = PBXBuildFile; fileRef = 535B24AF28579D39003141C8 /* Leanplum.xcframework */; settings = {ATTRIBUTES = (CodeSignOnCopy, RemoveHeadersOnCopy, ); }; };
		535B24B728579D7A003141C8 /* mParticle_Apple_SDK.xcframework in Frameworks */ = {isa = PBXBuildFile; fileRef = 535B24B028579D39003141C8 /* mParticle_Apple_SDK.xcframework */; };
		535B24B828579D7B003141C8 /* mParticle_Apple_SDK.xcframework in Embed Frameworks */ = {isa = PBXBuildFile; fileRef = 535B24B028579D39003141C8 /* mParticle_Apple_SDK.xcframework */; settings = {ATTRIBUTES = (CodeSignOnCopy, RemoveHeadersOnCopy, ); }; };
		535B24B928579D7C003141C8 /* mParticle_Leanplum.xcframework in Frameworks */ = {isa = PBXBuildFile; fileRef = 535B24B128579D39003141C8 /* mParticle_Leanplum.xcframework */; };
		535B24BA28579D7C003141C8 /* mParticle_Leanplum.xcframework in Embed Frameworks */ = {isa = PBXBuildFile; fileRef = 535B24B128579D39003141C8 /* mParticle_Leanplum.xcframework */; settings = {ATTRIBUTES = (CodeSignOnCopy, RemoveHeadersOnCopy, ); }; };
		DBFA61E21F9ECB8F003A3ED8 /* AppDelegate.swift in Sources */ = {isa = PBXBuildFile; fileRef = DBFA61E11F9ECB8F003A3ED8 /* AppDelegate.swift */; };
		DBFA61E41F9ECB8F003A3ED8 /* ViewController.swift in Sources */ = {isa = PBXBuildFile; fileRef = DBFA61E31F9ECB8F003A3ED8 /* ViewController.swift */; };
		DBFA61E71F9ECB8F003A3ED8 /* Main.storyboard in Resources */ = {isa = PBXBuildFile; fileRef = DBFA61E51F9ECB8F003A3ED8 /* Main.storyboard */; };
		DBFA61E91F9ECB8F003A3ED8 /* Assets.xcassets in Resources */ = {isa = PBXBuildFile; fileRef = DBFA61E81F9ECB8F003A3ED8 /* Assets.xcassets */; };
		DBFA61EC1F9ECB8F003A3ED8 /* LaunchScreen.storyboard in Resources */ = {isa = PBXBuildFile; fileRef = DBFA61EA1F9ECB8F003A3ED8 /* LaunchScreen.storyboard */; };
		DBFA61F71F9ECB90003A3ED8 /* mParticle_Leanplum_ExampleTests.swift in Sources */ = {isa = PBXBuildFile; fileRef = DBFA61F61F9ECB90003A3ED8 /* mParticle_Leanplum_ExampleTests.swift */; };
		DBFA62021F9ECB90003A3ED8 /* mParticle_Leanplum_ExampleUITests.swift in Sources */ = {isa = PBXBuildFile; fileRef = DBFA62011F9ECB90003A3ED8 /* mParticle_Leanplum_ExampleUITests.swift */; };
/* End PBXBuildFile section */

/* Begin PBXContainerItemProxy section */
		DBFA61F31F9ECB90003A3ED8 /* PBXContainerItemProxy */ = {
			isa = PBXContainerItemProxy;
			containerPortal = DBFA61D61F9ECB8F003A3ED8 /* Project object */;
			proxyType = 1;
			remoteGlobalIDString = DBFA61DD1F9ECB8F003A3ED8;
			remoteInfo = "mParticle-Leanplum-Example";
		};
		DBFA61FE1F9ECB90003A3ED8 /* PBXContainerItemProxy */ = {
			isa = PBXContainerItemProxy;
			containerPortal = DBFA61D61F9ECB8F003A3ED8 /* Project object */;
			proxyType = 1;
			remoteGlobalIDString = DBFA61DD1F9ECB8F003A3ED8;
			remoteInfo = "mParticle-Leanplum-Example";
		};
/* End PBXContainerItemProxy section */

/* Begin PBXCopyFilesBuildPhase section */
		DBFA621D1F9ECE4C003A3ED8 /* Embed Frameworks */ = {
			isa = PBXCopyFilesBuildPhase;
			buildActionMask = 2147483647;
			dstPath = "";
			dstSubfolderSpec = 10;
			files = (
				535B24B628579D79003141C8 /* Leanplum.xcframework in Embed Frameworks */,
				535B24BA28579D7C003141C8 /* mParticle_Leanplum.xcframework in Embed Frameworks */,
				535B24B828579D7B003141C8 /* mParticle_Apple_SDK.xcframework in Embed Frameworks */,
			);
			name = "Embed Frameworks";
			runOnlyForDeploymentPostprocessing = 0;
		};
/* End PBXCopyFilesBuildPhase section */

/* Begin PBXFileReference section */
		535B24AF28579D39003141C8 /* Leanplum.xcframework */ = {isa = PBXFileReference; lastKnownFileType = wrapper.xcframework; name = Leanplum.xcframework; path = Carthage/Build/Leanplum.xcframework; sourceTree = "<group>"; };
		535B24B028579D39003141C8 /* mParticle_Apple_SDK.xcframework */ = {isa = PBXFileReference; lastKnownFileType = wrapper.xcframework; name = mParticle_Apple_SDK.xcframework; path = Carthage/Build/mParticle_Apple_SDK.xcframework; sourceTree = "<group>"; };
		535B24B128579D39003141C8 /* mParticle_Leanplum.xcframework */ = {isa = PBXFileReference; lastKnownFileType = wrapper.xcframework; name = mParticle_Leanplum.xcframework; path = Carthage/Build/mParticle_Leanplum.xcframework; sourceTree = "<group>"; };
		DBFA61DE1F9ECB8F003A3ED8 /* mParticle-Leanplum-Example.app */ = {isa = PBXFileReference; explicitFileType = wrapper.application; includeInIndex = 0; path = "mParticle-Leanplum-Example.app"; sourceTree = BUILT_PRODUCTS_DIR; };
		DBFA61E11F9ECB8F003A3ED8 /* AppDelegate.swift */ = {isa = PBXFileReference; lastKnownFileType = sourcecode.swift; path = AppDelegate.swift; sourceTree = "<group>"; };
		DBFA61E31F9ECB8F003A3ED8 /* ViewController.swift */ = {isa = PBXFileReference; lastKnownFileType = sourcecode.swift; path = ViewController.swift; sourceTree = "<group>"; };
		DBFA61E61F9ECB8F003A3ED8 /* Base */ = {isa = PBXFileReference; lastKnownFileType = file.storyboard; name = Base; path = Base.lproj/Main.storyboard; sourceTree = "<group>"; };
		DBFA61E81F9ECB8F003A3ED8 /* Assets.xcassets */ = {isa = PBXFileReference; lastKnownFileType = folder.assetcatalog; path = Assets.xcassets; sourceTree = "<group>"; };
		DBFA61EB1F9ECB8F003A3ED8 /* Base */ = {isa = PBXFileReference; lastKnownFileType = file.storyboard; name = Base; path = Base.lproj/LaunchScreen.storyboard; sourceTree = "<group>"; };
		DBFA61ED1F9ECB8F003A3ED8 /* Info.plist */ = {isa = PBXFileReference; lastKnownFileType = text.plist.xml; path = Info.plist; sourceTree = "<group>"; };
		DBFA61F21F9ECB90003A3ED8 /* mParticle-Leanplum-ExampleTests.xctest */ = {isa = PBXFileReference; explicitFileType = wrapper.cfbundle; includeInIndex = 0; path = "mParticle-Leanplum-ExampleTests.xctest"; sourceTree = BUILT_PRODUCTS_DIR; };
		DBFA61F61F9ECB90003A3ED8 /* mParticle_Leanplum_ExampleTests.swift */ = {isa = PBXFileReference; lastKnownFileType = sourcecode.swift; path = mParticle_Leanplum_ExampleTests.swift; sourceTree = "<group>"; };
		DBFA61F81F9ECB90003A3ED8 /* Info.plist */ = {isa = PBXFileReference; lastKnownFileType = text.plist.xml; path = Info.plist; sourceTree = "<group>"; };
		DBFA61FD1F9ECB90003A3ED8 /* mParticle-Leanplum-ExampleUITests.xctest */ = {isa = PBXFileReference; explicitFileType = wrapper.cfbundle; includeInIndex = 0; path = "mParticle-Leanplum-ExampleUITests.xctest"; sourceTree = BUILT_PRODUCTS_DIR; };
		DBFA62011F9ECB90003A3ED8 /* mParticle_Leanplum_ExampleUITests.swift */ = {isa = PBXFileReference; lastKnownFileType = sourcecode.swift; path = mParticle_Leanplum_ExampleUITests.swift; sourceTree = "<group>"; };
		DBFA62031F9ECB90003A3ED8 /* Info.plist */ = {isa = PBXFileReference; lastKnownFileType = text.plist.xml; path = Info.plist; sourceTree = "<group>"; };
/* End PBXFileReference section */

/* Begin PBXFrameworksBuildPhase section */
		DBFA61DB1F9ECB8F003A3ED8 /* Frameworks */ = {
			isa = PBXFrameworksBuildPhase;
			buildActionMask = 2147483647;
			files = (
				535B24B528579D79003141C8 /* Leanplum.xcframework in Frameworks */,
				535B24B928579D7C003141C8 /* mParticle_Leanplum.xcframework in Frameworks */,
				535B24B728579D7A003141C8 /* mParticle_Apple_SDK.xcframework in Frameworks */,
			);
			runOnlyForDeploymentPostprocessing = 0;
		};
		DBFA61EF1F9ECB90003A3ED8 /* Frameworks */ = {
			isa = PBXFrameworksBuildPhase;
			buildActionMask = 2147483647;
			files = (
			);
			runOnlyForDeploymentPostprocessing = 0;
		};
		DBFA61FA1F9ECB90003A3ED8 /* Frameworks */ = {
			isa = PBXFrameworksBuildPhase;
			buildActionMask = 2147483647;
			files = (
			);
			runOnlyForDeploymentPostprocessing = 0;
		};
/* End PBXFrameworksBuildPhase section */

/* Begin PBXGroup section */
		DBFA61D51F9ECB8F003A3ED8 = {
			isa = PBXGroup;
			children = (
				DBFA61E01F9ECB8F003A3ED8 /* mParticle-Leanplum-Example */,
				DBFA61F51F9ECB90003A3ED8 /* mParticle-Leanplum-ExampleTests */,
				DBFA62001F9ECB90003A3ED8 /* mParticle-Leanplum-ExampleUITests */,
				DBFA62101F9ECD49003A3ED8 /* Frameworks */,
				DBFA61DF1F9ECB8F003A3ED8 /* Products */,
			);
			sourceTree = "<group>";
		};
		DBFA61DF1F9ECB8F003A3ED8 /* Products */ = {
			isa = PBXGroup;
			children = (
				DBFA61DE1F9ECB8F003A3ED8 /* mParticle-Leanplum-Example.app */,
				DBFA61F21F9ECB90003A3ED8 /* mParticle-Leanplum-ExampleTests.xctest */,
				DBFA61FD1F9ECB90003A3ED8 /* mParticle-Leanplum-ExampleUITests.xctest */,
			);
			name = Products;
			sourceTree = "<group>";
		};
		DBFA61E01F9ECB8F003A3ED8 /* mParticle-Leanplum-Example */ = {
			isa = PBXGroup;
			children = (
				DBFA61E11F9ECB8F003A3ED8 /* AppDelegate.swift */,
				DBFA61E31F9ECB8F003A3ED8 /* ViewController.swift */,
				DBFA61E51F9ECB8F003A3ED8 /* Main.storyboard */,
				DBFA61E81F9ECB8F003A3ED8 /* Assets.xcassets */,
				DBFA61EA1F9ECB8F003A3ED8 /* LaunchScreen.storyboard */,
				DBFA61ED1F9ECB8F003A3ED8 /* Info.plist */,
			);
			path = "mParticle-Leanplum-Example";
			sourceTree = "<group>";
		};
		DBFA61F51F9ECB90003A3ED8 /* mParticle-Leanplum-ExampleTests */ = {
			isa = PBXGroup;
			children = (
				DBFA61F61F9ECB90003A3ED8 /* mParticle_Leanplum_ExampleTests.swift */,
				DBFA61F81F9ECB90003A3ED8 /* Info.plist */,
			);
			path = "mParticle-Leanplum-ExampleTests";
			sourceTree = "<group>";
		};
		DBFA62001F9ECB90003A3ED8 /* mParticle-Leanplum-ExampleUITests */ = {
			isa = PBXGroup;
			children = (
				DBFA62011F9ECB90003A3ED8 /* mParticle_Leanplum_ExampleUITests.swift */,
				DBFA62031F9ECB90003A3ED8 /* Info.plist */,
			);
			path = "mParticle-Leanplum-ExampleUITests";
			sourceTree = "<group>";
		};
		DBFA62101F9ECD49003A3ED8 /* Frameworks */ = {
			isa = PBXGroup;
			children = (
				535B24AF28579D39003141C8 /* Leanplum.xcframework */,
				535B24B028579D39003141C8 /* mParticle_Apple_SDK.xcframework */,
				535B24B128579D39003141C8 /* mParticle_Leanplum.xcframework */,
			);
			name = Frameworks;
			sourceTree = "<group>";
		};
/* End PBXGroup section */

/* Begin PBXNativeTarget section */
		DBFA61DD1F9ECB8F003A3ED8 /* mParticle-Leanplum-Example */ = {
			isa = PBXNativeTarget;
			buildConfigurationList = DBFA62061F9ECB90003A3ED8 /* Build configuration list for PBXNativeTarget "mParticle-Leanplum-Example" */;
			buildPhases = (
				DBFA61DA1F9ECB8F003A3ED8 /* Sources */,
				DBFA61DB1F9ECB8F003A3ED8 /* Frameworks */,
				DBFA61DC1F9ECB8F003A3ED8 /* Resources */,
				DBFA621D1F9ECE4C003A3ED8 /* Embed Frameworks */,
			);
			buildRules = (
			);
			dependencies = (
			);
			name = "mParticle-Leanplum-Example";
			productName = "mParticle-Leanplum-Example";
			productReference = DBFA61DE1F9ECB8F003A3ED8 /* mParticle-Leanplum-Example.app */;
			productType = "com.apple.product-type.application";
		};
		DBFA61F11F9ECB90003A3ED8 /* mParticle-Leanplum-ExampleTests */ = {
			isa = PBXNativeTarget;
			buildConfigurationList = DBFA62091F9ECB90003A3ED8 /* Build configuration list for PBXNativeTarget "mParticle-Leanplum-ExampleTests" */;
			buildPhases = (
				DBFA61EE1F9ECB90003A3ED8 /* Sources */,
				DBFA61EF1F9ECB90003A3ED8 /* Frameworks */,
				DBFA61F01F9ECB90003A3ED8 /* Resources */,
			);
			buildRules = (
			);
			dependencies = (
				DBFA61F41F9ECB90003A3ED8 /* PBXTargetDependency */,
			);
			name = "mParticle-Leanplum-ExampleTests";
			productName = "mParticle-Leanplum-ExampleTests";
			productReference = DBFA61F21F9ECB90003A3ED8 /* mParticle-Leanplum-ExampleTests.xctest */;
			productType = "com.apple.product-type.bundle.unit-test";
		};
		DBFA61FC1F9ECB90003A3ED8 /* mParticle-Leanplum-ExampleUITests */ = {
			isa = PBXNativeTarget;
			buildConfigurationList = DBFA620C1F9ECB90003A3ED8 /* Build configuration list for PBXNativeTarget "mParticle-Leanplum-ExampleUITests" */;
			buildPhases = (
				DBFA61F91F9ECB90003A3ED8 /* Sources */,
				DBFA61FA1F9ECB90003A3ED8 /* Frameworks */,
				DBFA61FB1F9ECB90003A3ED8 /* Resources */,
			);
			buildRules = (
			);
			dependencies = (
				DBFA61FF1F9ECB90003A3ED8 /* PBXTargetDependency */,
			);
			name = "mParticle-Leanplum-ExampleUITests";
			productName = "mParticle-Leanplum-ExampleUITests";
			productReference = DBFA61FD1F9ECB90003A3ED8 /* mParticle-Leanplum-ExampleUITests.xctest */;
			productType = "com.apple.product-type.bundle.ui-testing";
		};
/* End PBXNativeTarget section */

/* Begin PBXProject section */
		DBFA61D61F9ECB8F003A3ED8 /* Project object */ = {
			isa = PBXProject;
			attributes = {
				LastSwiftUpdateCheck = 0900;
				LastUpgradeCheck = 0900;
				ORGANIZATIONNAME = mParticle;
				TargetAttributes = {
					DBFA61DD1F9ECB8F003A3ED8 = {
						CreatedOnToolsVersion = 9.0;
						ProvisioningStyle = Automatic;
					};
					DBFA61F11F9ECB90003A3ED8 = {
						CreatedOnToolsVersion = 9.0;
						ProvisioningStyle = Automatic;
						TestTargetID = DBFA61DD1F9ECB8F003A3ED8;
					};
					DBFA61FC1F9ECB90003A3ED8 = {
						CreatedOnToolsVersion = 9.0;
						ProvisioningStyle = Automatic;
						TestTargetID = DBFA61DD1F9ECB8F003A3ED8;
					};
				};
			};
			buildConfigurationList = DBFA61D91F9ECB8F003A3ED8 /* Build configuration list for PBXProject "mParticle-Leanplum-Example" */;
			compatibilityVersion = "Xcode 8.0";
			developmentRegion = en;
			hasScannedForEncodings = 0;
			knownRegions = (
				en,
				Base,
			);
			mainGroup = DBFA61D51F9ECB8F003A3ED8;
			productRefGroup = DBFA61DF1F9ECB8F003A3ED8 /* Products */;
			projectDirPath = "";
			projectRoot = "";
			targets = (
				DBFA61DD1F9ECB8F003A3ED8 /* mParticle-Leanplum-Example */,
				DBFA61F11F9ECB90003A3ED8 /* mParticle-Leanplum-ExampleTests */,
				DBFA61FC1F9ECB90003A3ED8 /* mParticle-Leanplum-ExampleUITests */,
			);
		};
/* End PBXProject section */

/* Begin PBXResourcesBuildPhase section */
		DBFA61DC1F9ECB8F003A3ED8 /* Resources */ = {
			isa = PBXResourcesBuildPhase;
			buildActionMask = 2147483647;
			files = (
				DBFA61EC1F9ECB8F003A3ED8 /* LaunchScreen.storyboard in Resources */,
				DBFA61E91F9ECB8F003A3ED8 /* Assets.xcassets in Resources */,
				DBFA61E71F9ECB8F003A3ED8 /* Main.storyboard in Resources */,
			);
			runOnlyForDeploymentPostprocessing = 0;
		};
		DBFA61F01F9ECB90003A3ED8 /* Resources */ = {
			isa = PBXResourcesBuildPhase;
			buildActionMask = 2147483647;
			files = (
			);
			runOnlyForDeploymentPostprocessing = 0;
		};
		DBFA61FB1F9ECB90003A3ED8 /* Resources */ = {
			isa = PBXResourcesBuildPhase;
			buildActionMask = 2147483647;
			files = (
			);
			runOnlyForDeploymentPostprocessing = 0;
		};
/* End PBXResourcesBuildPhase section */

/* Begin PBXSourcesBuildPhase section */
		DBFA61DA1F9ECB8F003A3ED8 /* Sources */ = {
			isa = PBXSourcesBuildPhase;
			buildActionMask = 2147483647;
			files = (
				DBFA61E41F9ECB8F003A3ED8 /* ViewController.swift in Sources */,
				DBFA61E21F9ECB8F003A3ED8 /* AppDelegate.swift in Sources */,
			);
			runOnlyForDeploymentPostprocessing = 0;
		};
		DBFA61EE1F9ECB90003A3ED8 /* Sources */ = {
			isa = PBXSourcesBuildPhase;
			buildActionMask = 2147483647;
			files = (
				DBFA61F71F9ECB90003A3ED8 /* mParticle_Leanplum_ExampleTests.swift in Sources */,
			);
			runOnlyForDeploymentPostprocessing = 0;
		};
		DBFA61F91F9ECB90003A3ED8 /* Sources */ = {
			isa = PBXSourcesBuildPhase;
			buildActionMask = 2147483647;
			files = (
				DBFA62021F9ECB90003A3ED8 /* mParticle_Leanplum_ExampleUITests.swift in Sources */,
			);
			runOnlyForDeploymentPostprocessing = 0;
		};
/* End PBXSourcesBuildPhase section */

/* Begin PBXTargetDependency section */
		DBFA61F41F9ECB90003A3ED8 /* PBXTargetDependency */ = {
			isa = PBXTargetDependency;
			target = DBFA61DD1F9ECB8F003A3ED8 /* mParticle-Leanplum-Example */;
			targetProxy = DBFA61F31F9ECB90003A3ED8 /* PBXContainerItemProxy */;
		};
		DBFA61FF1F9ECB90003A3ED8 /* PBXTargetDependency */ = {
			isa = PBXTargetDependency;
			target = DBFA61DD1F9ECB8F003A3ED8 /* mParticle-Leanplum-Example */;
			targetProxy = DBFA61FE1F9ECB90003A3ED8 /* PBXContainerItemProxy */;
		};
/* End PBXTargetDependency section */

/* Begin PBXVariantGroup section */
		DBFA61E51F9ECB8F003A3ED8 /* Main.storyboard */ = {
			isa = PBXVariantGroup;
			children = (
				DBFA61E61F9ECB8F003A3ED8 /* Base */,
			);
			name = Main.storyboard;
			sourceTree = "<group>";
		};
		DBFA61EA1F9ECB8F003A3ED8 /* LaunchScreen.storyboard */ = {
			isa = PBXVariantGroup;
			children = (
				DBFA61EB1F9ECB8F003A3ED8 /* Base */,
			);
			name = LaunchScreen.storyboard;
			sourceTree = "<group>";
		};
/* End PBXVariantGroup section */

/* Begin XCBuildConfiguration section */
		DBFA62041F9ECB90003A3ED8 /* Debug */ = {
			isa = XCBuildConfiguration;
			buildSettings = {
				ALWAYS_SEARCH_USER_PATHS = NO;
				CLANG_ANALYZER_NONNULL = YES;
				CLANG_ANALYZER_NUMBER_OBJECT_CONVERSION = YES_AGGRESSIVE;
				CLANG_CXX_LANGUAGE_STANDARD = "gnu++14";
				CLANG_CXX_LIBRARY = "libc++";
				CLANG_ENABLE_MODULES = YES;
				CLANG_ENABLE_OBJC_ARC = YES;
				CLANG_WARN_BLOCK_CAPTURE_AUTORELEASING = YES;
				CLANG_WARN_BOOL_CONVERSION = YES;
				CLANG_WARN_COMMA = YES;
				CLANG_WARN_CONSTANT_CONVERSION = YES;
				CLANG_WARN_DIRECT_OBJC_ISA_USAGE = YES_ERROR;
				CLANG_WARN_DOCUMENTATION_COMMENTS = YES;
				CLANG_WARN_EMPTY_BODY = YES;
				CLANG_WARN_ENUM_CONVERSION = YES;
				CLANG_WARN_INFINITE_RECURSION = YES;
				CLANG_WARN_INT_CONVERSION = YES;
				CLANG_WARN_NON_LITERAL_NULL_CONVERSION = YES;
				CLANG_WARN_OBJC_LITERAL_CONVERSION = YES;
				CLANG_WARN_OBJC_ROOT_CLASS = YES_ERROR;
				CLANG_WARN_RANGE_LOOP_ANALYSIS = YES;
				CLANG_WARN_STRICT_PROTOTYPES = YES;
				CLANG_WARN_SUSPICIOUS_MOVE = YES;
				CLANG_WARN_UNGUARDED_AVAILABILITY = YES_AGGRESSIVE;
				CLANG_WARN_UNREACHABLE_CODE = YES;
				CLANG_WARN__DUPLICATE_METHOD_MATCH = YES;
				CODE_SIGN_IDENTITY = "iPhone Developer";
				COPY_PHASE_STRIP = NO;
				DEBUG_INFORMATION_FORMAT = dwarf;
				ENABLE_STRICT_OBJC_MSGSEND = YES;
				ENABLE_TESTABILITY = YES;
				GCC_C_LANGUAGE_STANDARD = gnu11;
				GCC_DYNAMIC_NO_PIC = NO;
				GCC_NO_COMMON_BLOCKS = YES;
				GCC_OPTIMIZATION_LEVEL = 0;
				GCC_PREPROCESSOR_DEFINITIONS = (
					"DEBUG=1",
					"$(inherited)",
				);
				GCC_WARN_64_TO_32_BIT_CONVERSION = YES;
				GCC_WARN_ABOUT_RETURN_TYPE = YES_ERROR;
				GCC_WARN_UNDECLARED_SELECTOR = YES;
				GCC_WARN_UNINITIALIZED_AUTOS = YES_AGGRESSIVE;
				GCC_WARN_UNUSED_FUNCTION = YES;
				GCC_WARN_UNUSED_VARIABLE = YES;
				IPHONEOS_DEPLOYMENT_TARGET = 11.0;
				MTL_ENABLE_DEBUG_INFO = YES;
				ONLY_ACTIVE_ARCH = YES;
				SDKROOT = iphoneos;
				SWIFT_ACTIVE_COMPILATION_CONDITIONS = DEBUG;
				SWIFT_OPTIMIZATION_LEVEL = "-Onone";
				SWIFT_VERSION = 5.0;
				VALIDATE_WORKSPACE = YES;
			};
			name = Debug;
		};
		DBFA62051F9ECB90003A3ED8 /* Release */ = {
			isa = XCBuildConfiguration;
			buildSettings = {
				ALWAYS_SEARCH_USER_PATHS = NO;
				CLANG_ANALYZER_NONNULL = YES;
				CLANG_ANALYZER_NUMBER_OBJECT_CONVERSION = YES_AGGRESSIVE;
				CLANG_CXX_LANGUAGE_STANDARD = "gnu++14";
				CLANG_CXX_LIBRARY = "libc++";
				CLANG_ENABLE_MODULES = YES;
				CLANG_ENABLE_OBJC_ARC = YES;
				CLANG_WARN_BLOCK_CAPTURE_AUTORELEASING = YES;
				CLANG_WARN_BOOL_CONVERSION = YES;
				CLANG_WARN_COMMA = YES;
				CLANG_WARN_CONSTANT_CONVERSION = YES;
				CLANG_WARN_DIRECT_OBJC_ISA_USAGE = YES_ERROR;
				CLANG_WARN_DOCUMENTATION_COMMENTS = YES;
				CLANG_WARN_EMPTY_BODY = YES;
				CLANG_WARN_ENUM_CONVERSION = YES;
				CLANG_WARN_INFINITE_RECURSION = YES;
				CLANG_WARN_INT_CONVERSION = YES;
				CLANG_WARN_NON_LITERAL_NULL_CONVERSION = YES;
				CLANG_WARN_OBJC_LITERAL_CONVERSION = YES;
				CLANG_WARN_OBJC_ROOT_CLASS = YES_ERROR;
				CLANG_WARN_RANGE_LOOP_ANALYSIS = YES;
				CLANG_WARN_STRICT_PROTOTYPES = YES;
				CLANG_WARN_SUSPICIOUS_MOVE = YES;
				CLANG_WARN_UNGUARDED_AVAILABILITY = YES_AGGRESSIVE;
				CLANG_WARN_UNREACHABLE_CODE = YES;
				CLANG_WARN__DUPLICATE_METHOD_MATCH = YES;
				CODE_SIGN_IDENTITY = "iPhone Developer";
				COPY_PHASE_STRIP = NO;
				DEBUG_INFORMATION_FORMAT = "dwarf-with-dsym";
				ENABLE_NS_ASSERTIONS = NO;
				ENABLE_STRICT_OBJC_MSGSEND = YES;
				GCC_C_LANGUAGE_STANDARD = gnu11;
				GCC_NO_COMMON_BLOCKS = YES;
				GCC_WARN_64_TO_32_BIT_CONVERSION = YES;
				GCC_WARN_ABOUT_RETURN_TYPE = YES_ERROR;
				GCC_WARN_UNDECLARED_SELECTOR = YES;
				GCC_WARN_UNINITIALIZED_AUTOS = YES_AGGRESSIVE;
				GCC_WARN_UNUSED_FUNCTION = YES;
				GCC_WARN_UNUSED_VARIABLE = YES;
				IPHONEOS_DEPLOYMENT_TARGET = 11.0;
				MTL_ENABLE_DEBUG_INFO = NO;
				SDKROOT = iphoneos;
				SWIFT_COMPILATION_MODE = wholemodule;
				SWIFT_OPTIMIZATION_LEVEL = "-O";
				SWIFT_VERSION = 5.0;
				VALIDATE_WORKSPACE = YES;
			};
			name = Release;
		};
		DBFA62071F9ECB90003A3ED8 /* Debug */ = {
			isa = XCBuildConfiguration;
			buildSettings = {
				ASSETCATALOG_COMPILER_APPICON_NAME = AppIcon;
				CODE_SIGN_STYLE = Automatic;
				DEVELOPMENT_TEAM = DLD43Y3TRP;
				FRAMEWORK_SEARCH_PATHS = (
					"$(inherited)",
					"$(PROJECT_DIR)/Carthage/Build/iOS",
					"$(PROJECT_DIR)/Carthage/Build/iOS/Static",
				);
				INFOPLIST_FILE = "mParticle-Leanplum-Example/Info.plist";
				LD_RUNPATH_SEARCH_PATHS = (
					"$(inherited)",
					"@executable_path/Frameworks",
				);
				PRODUCT_BUNDLE_IDENTIFIER = "com.mparticle.example.kit.leanplum.mParticle-Leanplum-Example";
				PRODUCT_NAME = "$(TARGET_NAME)";
				TARGETED_DEVICE_FAMILY = "1,2";
			};
			name = Debug;
		};
		DBFA62081F9ECB90003A3ED8 /* Release */ = {
			isa = XCBuildConfiguration;
			buildSettings = {
				ASSETCATALOG_COMPILER_APPICON_NAME = AppIcon;
				CODE_SIGN_STYLE = Automatic;
				DEVELOPMENT_TEAM = DLD43Y3TRP;
				FRAMEWORK_SEARCH_PATHS = (
					"$(inherited)",
					"$(PROJECT_DIR)/Carthage/Build/iOS",
					"$(PROJECT_DIR)/Carthage/Build/iOS/Static",
				);
				INFOPLIST_FILE = "mParticle-Leanplum-Example/Info.plist";
				LD_RUNPATH_SEARCH_PATHS = (
					"$(inherited)",
					"@executable_path/Frameworks",
				);
				PRODUCT_BUNDLE_IDENTIFIER = "com.mparticle.example.kit.leanplum.mParticle-Leanplum-Example";
				PRODUCT_NAME = "$(TARGET_NAME)";
				TARGETED_DEVICE_FAMILY = "1,2";
			};
			name = Release;
		};
		DBFA620A1F9ECB90003A3ED8 /* Debug */ = {
			isa = XCBuildConfiguration;
			buildSettings = {
				ALWAYS_EMBED_SWIFT_STANDARD_LIBRARIES = YES;
				BUNDLE_LOADER = "$(TEST_HOST)";
				CODE_SIGN_STYLE = Automatic;
				DEVELOPMENT_TEAM = 9RE44VD454;
				INFOPLIST_FILE = "mParticle-Leanplum-ExampleTests/Info.plist";
				LD_RUNPATH_SEARCH_PATHS = (
					"$(inherited)",
					"@executable_path/Frameworks",
					"@loader_path/Frameworks",
				);
				PRODUCT_BUNDLE_IDENTIFIER = "com.mparticle.example.kit.leanplum.mParticle-Leanplum-ExampleTests";
				PRODUCT_NAME = "$(TARGET_NAME)";
				TARGETED_DEVICE_FAMILY = "1,2";
				TEST_HOST = "$(BUILT_PRODUCTS_DIR)/mParticle-Leanplum-Example.app/mParticle-Leanplum-Example";
			};
			name = Debug;
		};
		DBFA620B1F9ECB90003A3ED8 /* Release */ = {
			isa = XCBuildConfiguration;
			buildSettings = {
				ALWAYS_EMBED_SWIFT_STANDARD_LIBRARIES = YES;
				BUNDLE_LOADER = "$(TEST_HOST)";
				CODE_SIGN_STYLE = Automatic;
				DEVELOPMENT_TEAM = 9RE44VD454;
				INFOPLIST_FILE = "mParticle-Leanplum-ExampleTests/Info.plist";
				LD_RUNPATH_SEARCH_PATHS = (
					"$(inherited)",
					"@executable_path/Frameworks",
					"@loader_path/Frameworks",
				);
				PRODUCT_BUNDLE_IDENTIFIER = "com.mparticle.example.kit.leanplum.mParticle-Leanplum-ExampleTests";
				PRODUCT_NAME = "$(TARGET_NAME)";
				TARGETED_DEVICE_FAMILY = "1,2";
				TEST_HOST = "$(BUILT_PRODUCTS_DIR)/mParticle-Leanplum-Example.app/mParticle-Leanplum-Example";
			};
			name = Release;
		};
		DBFA620D1F9ECB90003A3ED8 /* Debug */ = {
			isa = XCBuildConfiguration;
			buildSettings = {
				ALWAYS_EMBED_SWIFT_STANDARD_LIBRARIES = YES;
				CODE_SIGN_STYLE = Automatic;
				DEVELOPMENT_TEAM = 9RE44VD454;
				INFOPLIST_FILE = "mParticle-Leanplum-ExampleUITests/Info.plist";
				LD_RUNPATH_SEARCH_PATHS = (
					"$(inherited)",
					"@executable_path/Frameworks",
					"@loader_path/Frameworks",
				);
				PRODUCT_BUNDLE_IDENTIFIER = "com.mparticle.example.kit.leanplum.mParticle-Leanplum-ExampleUITests";
				PRODUCT_NAME = "$(TARGET_NAME)";
				TARGETED_DEVICE_FAMILY = "1,2";
				TEST_TARGET_NAME = "mParticle-Leanplum-Example";
			};
			name = Debug;
		};
		DBFA620E1F9ECB90003A3ED8 /* Release */ = {
			isa = XCBuildConfiguration;
			buildSettings = {
				ALWAYS_EMBED_SWIFT_STANDARD_LIBRARIES = YES;
				CODE_SIGN_STYLE = Automatic;
				DEVELOPMENT_TEAM = 9RE44VD454;
				INFOPLIST_FILE = "mParticle-Leanplum-ExampleUITests/Info.plist";
				LD_RUNPATH_SEARCH_PATHS = (
					"$(inherited)",
					"@executable_path/Frameworks",
					"@loader_path/Frameworks",
				);
				PRODUCT_BUNDLE_IDENTIFIER = "com.mparticle.example.kit.leanplum.mParticle-Leanplum-ExampleUITests";
				PRODUCT_NAME = "$(TARGET_NAME)";
				TARGETED_DEVICE_FAMILY = "1,2";
				TEST_TARGET_NAME = "mParticle-Leanplum-Example";
			};
			name = Release;
		};
/* End XCBuildConfiguration section */

/* Begin XCConfigurationList section */
		DBFA61D91F9ECB8F003A3ED8 /* Build configuration list for PBXProject "mParticle-Leanplum-Example" */ = {
			isa = XCConfigurationList;
			buildConfigurations = (
				DBFA62041F9ECB90003A3ED8 /* Debug */,
				DBFA62051F9ECB90003A3ED8 /* Release */,
			);
			defaultConfigurationIsVisible = 0;
			defaultConfigurationName = Release;
		};
		DBFA62061F9ECB90003A3ED8 /* Build configuration list for PBXNativeTarget "mParticle-Leanplum-Example" */ = {
			isa = XCConfigurationList;
			buildConfigurations = (
				DBFA62071F9ECB90003A3ED8 /* Debug */,
				DBFA62081F9ECB90003A3ED8 /* Release */,
			);
			defaultConfigurationIsVisible = 0;
			defaultConfigurationName = Release;
		};
		DBFA62091F9ECB90003A3ED8 /* Build configuration list for PBXNativeTarget "mParticle-Leanplum-ExampleTests" */ = {
			isa = XCConfigurationList;
			buildConfigurations = (
				DBFA620A1F9ECB90003A3ED8 /* Debug */,
				DBFA620B1F9ECB90003A3ED8 /* Release */,
			);
			defaultConfigurationIsVisible = 0;
			defaultConfigurationName = Release;
		};
		DBFA620C1F9ECB90003A3ED8 /* Build configuration list for PBXNativeTarget "mParticle-Leanplum-ExampleUITests" */ = {
			isa = XCConfigurationList;
			buildConfigurations = (
				DBFA620D1F9ECB90003A3ED8 /* Debug */,
				DBFA620E1F9ECB90003A3ED8 /* Release */,
			);
			defaultConfigurationIsVisible = 0;
			defaultConfigurationName = Release;
		};
/* End XCConfigurationList section */
	};
	rootObject = DBFA61D61F9ECB8F003A3ED8 /* Project object */;
}
